
Microsoft Visual Studio Solution File, Format Version 12.00
# Visual Studio Version 17
VisualStudioVersion = 17.2.32616.157
MinimumVisualStudioVersion = 10.0.40219.1
Project("{FAE04EC0-301F-11D3-BF4B-00C04F79EFBC}") = "calculator", "calculator\calculator.csproj", "{C46BB793-F5B4-485F-B29C-017C6103DEAC}"
EndProject
Global
	GlobalSection(SolutionConfigurationPlatforms) = preSolution
		Debug|Any CPU = Debug|Any CPU
		Release|Any CPU = Release|Any CPU
	EndGlobalSection
	GlobalSection(ProjectConfigurationPlatforms) = postSolution
		{C46BB793-F5B4-485F-B29C-017C6103DEAC}.Debug|Any CPU.ActiveCfg = Debug|Any CPU
		{C46BB793-F5B4-485F-B29C-017C6103DEAC}.Debug|Any CPU.Build.0 = Debug|Any CPU
		{C46BB793-F5B4-485F-B29C-017C6103DEAC}.Release|Any CPU.ActiveCfg = Release|Any CPU
		{C46BB793-F5B4-485F-B29C-017C6103DEAC}.Release|Any CPU.Build.0 = Release|Any CPU
	EndGlobalSection
	GlobalSection(SolutionProperties) = preSolution
		HideSolutionNode = FALSE
	EndGlobalSection
	GlobalSection(ExtensibilityGlobals) = postSolution
		SolutionGuid = {8217B77F-4EFC-42D0-982E-0CFA9405D198}
	EndGlobalSection
EndGlobal
